# THIS IS AN AUTOGENERATED FILE. DO NOT EDIT THIS FILE DIRECTLY.
# yarn lockfile v1


bootstrap-daterangepicker@dangrossman/bootstrap-daterangepicker#^2.1.25:
  version "2.1.25"
  resolved "https://codeload.github.com/dangrossman/bootstrap-daterangepicker/tar.gz/29bbf5a04df69fda363cedb534272ac344524e57"
  dependencies:
    jquery ">=1.10"
    moment "^2.9.0"

bootstrap@twbs/bootstrap#v4.0.0-beta:
  version "4.0.0-beta"
  resolved "https://codeload.github.com/twbs/bootstrap/tar.gz/35f80bb12e4e71fd777ee60ffa43711d8f84b1a6"

chart.js@nnnick/Chart.js#^2.7.0:
  version "2.7.0"
  resolved "https://codeload.github.com/nnnick/Chart.js/tar.gz/3043a58605d08c7e16ceb548596fae8efc666350"
  dependencies:
    chartjs-color "~2.2.0"
    moment "~2.18.0"

chartjs-color-string@^0.5.0:
  version "0.5.0"
  resolved "https://registry.yarnpkg.com/chartjs-color-string/-/chartjs-color-string-0.5.0.tgz#8d3752d8581d86687c35bfe2cb80ac5213ceb8c1"
  dependencies:
    color-name "^1.0.0"

chartjs-color@~2.2.0:
  version "2.2.0"
  resolved "https://registry.yarnpkg.com/chartjs-color/-/chartjs-color-2.2.0.tgz#84a2fb755787ed85c39dd6dd8c7b1d88429baeae"
  dependencies:
    chartjs-color-string "^0.5.0"
    color-convert "^0.5.3"

color-convert@^0.5.3:
  version "0.5.3"
  resolved "https://registry.yarnpkg.com/color-convert/-/color-convert-0.5.3.tgz#bdb6c69ce660fadffe0b0007cc447e1b9f7282bd"

color-name@^1.0.0:
  version "1.1.3"
  resolved "https://registry.yarnpkg.com/color-name/-/color-name-1.1.3.tgz#a7d0558bd89c42f795dd42328f740831ca53bc25"

jquery@>=1.10:
  version "3.2.1"
  resolved "https://registry.yarnpkg.com/jquery/-/jquery-3.2.1.tgz#5c4d9de652af6cd0a770154a631bba12b015c787"

"jquery@jquery/jquery-dist#1.9.1 - 3":
  version "3.2.1"
  resolved "https://codeload.github.com/jquery/jquery-dist/tar.gz/77d2a51d0520d2ee44173afdf4e40a9201f5964e"

moment@^2.9.0, moment@~2.18.0:
  version "2.18.1"
  resolved "https://registry.yarnpkg.com/moment/-/moment-2.18.1.tgz#c36193dd3ce1c2eed2adb7c802dbbc77a81b1c0f"

moment@moment/moment#^2.18.1:
  version "2.18.1"
  resolved "https://codeload.github.com/moment/moment/tar.gz/b8a7fc310eb3625e83fc0c8f1ea2840fa83c7378"

papaparse@mholt/PapaParse#^4.3.6:
  version "4.3.6"
  resolved "https://codeload.github.com/mholt/PapaParse/tar.gz/60141533d4da7853383c2c51620fe9eac81c1333"
