# THIS IS AN AUTOGENERATED FILE. DO NOT EDIT THIS FILE DIRECTLY.
# yarn lockfile v1


bootstrap-daterangepicker@dangrossman/bootstrap-daterangepicker#^2.1.25:
  version "2.1.25"
  resolved "https://codeload.github.com/dangrossman/bootstrap-daterangepicker/tar.gz/29bbf5a04df69fda363cedb534272ac344524e57"
  dependencies:
    jquery ">=1.10"
    moment "^2.9.0"

bootstrap@twbs/bootstrap#v4.0.0-beta:
  version "4.0.0-beta"
  resolved "https://codeload.github.com/twbs/bootstrap/tar.gz/35f80bb12e4e71fd777ee60ffa43711d8f84b1a6"

chart.js@nnnick/Chart.js#^2.9.4:
  version "2.9.4"
  uid "9bd4cf82fda9f50a5fb50b72843e06ab88124278"
  resolved "https://codeload.github.com/nnnick/Chart.js/tar.gz/9bd4cf82fda9f50a5fb50b72843e06ab88124278"
  dependencies:
    chartjs-color "^2.1.0"
    moment "^2.10.2"

chartjs-color-string@^0.6.0:
  version "0.6.0"
  resolved "https://registry.yarnpkg.com/chartjs-color-string/-/chartjs-color-string-0.6.0.tgz#1df096621c0e70720a64f4135ea171d051402f71"
  dependencies:
    color-name "^1.0.0"

chartjs-color@^2.1.0:
  version "2.4.1"
  resolved "https://registry.yarnpkg.com/chartjs-color/-/chartjs-color-2.4.1.tgz#6118bba202fe1ea79dd7f7c0f9da93467296c3b0"
  dependencies:
    chartjs-color-string "^0.6.0"
    color-convert "^1.9.3"

color-convert@^1.9.3:
  version "1.9.3"
  resolved "https://registry.yarnpkg.com/color-convert/-/color-convert-1.9.3.tgz#bb71850690e1f136567de629d2d5471deda4c1e8"
  dependencies:
    color-name "1.1.3"

color-name@1.1.3, color-name@^1.0.0:
  version "1.1.3"
  resolved "https://registry.yarnpkg.com/color-name/-/color-name-1.1.3.tgz#a7d0558bd89c42f795dd42328f740831ca53bc25"

jquery@>=1.10:
  version "3.2.1"
  resolved "https://registry.yarnpkg.com/jquery/-/jquery-3.2.1.tgz#5c4d9de652af6cd0a770154a631bba12b015c787"

"jquery@jquery/jquery-dist#1.9.1 - 3":
  version "3.2.1"
  resolved "https://codeload.github.com/jquery/jquery-dist/tar.gz/77d2a51d0520d2ee44173afdf4e40a9201f5964e"

moment@^2.10.2, moment@^2.9.0:
  version "2.29.1"
  resolved "https://registry.yarnpkg.com/moment/-/moment-2.29.1.tgz#b2be769fa31940be9eeea6469c075e35006fa3d3"

moment@moment/moment#^2.19.3:
  version "2.27.0"
  uid "3e1a95b5ef0a505fec567c5b2290fd80e1da18f9"
  resolved "https://codeload.github.com/moment/moment/tar.gz/3e1a95b5ef0a505fec567c5b2290fd80e1da18f9"

papaparse@mholt/PapaParse#^5.2.0:
  version "5.2.0"
  uid "8414f7645aa761857ab959438b0c2a70ad683162"
  resolved "https://codeload.github.com/mholt/PapaParse/tar.gz/8414f7645aa761857ab959438b0c2a70ad683162"

popper.js@^1.14.7:
  version "1.16.1"
  resolved "https://registry.yarnpkg.com/popper.js/-/popper.js-1.16.1.tgz#2a223cb3dc7b6213d740e40372be40de43e65b1b"
